// !$*UTF8*$!
{
	archiveVersion = 1;
	classes = {
	};
	objectVersion = 51;
	objects = {

/* Begin PBXBuildFile section */
		05F71CB7E1E88DC28C140EBE /* Pods_Financial_App.framework in Frameworks */ = {isa = PBXBuildFile; fileRef = CCE470CFB315B964990D50FB /* Pods_Financial_App.framework */; };
		70EC372F6BACA00147DEC4CC /* Pods_Financial_AppTests.framework in Frameworks */ = {isa = PBXBuildFile; fileRef = B075FD96257DB4ED8FBD8395 /* Pods_Financial_AppTests.framework */; };
		9D245C056320E1D7BBBA96D6 /* Pods_Financial_App_Financial_AppUITests.framework in Frameworks */ = {isa = PBXBuildFile; fileRef = A0FB97ACCBA7F23E566919D8 /* Pods_Financial_App_Financial_AppUITests.framework */; };
		C345C5822701BEAC008616CF /* SearchController.swift in Sources */ = {isa = PBXBuildFile; fileRef = C345C5812701BEAC008616CF /* SearchController.swift */; };
		C3579ADC27102D9D00B70F33 /* FinhubRxRequests.swift in Sources */ = {isa = PBXBuildFile; fileRef = C3579ADB27102D9D00B70F33 /* FinhubRxRequests.swift */; };
		C35EAF6527145B930005498B /* Config.swift in Sources */ = {isa = PBXBuildFile; fileRef = C35EAF6427145B930005498B /* Config.swift */; };
		C361628D270C495900D375A7 /* EnumApi.swift in Sources */ = {isa = PBXBuildFile; fileRef = C361628C270C495900D375A7 /* EnumApi.swift */; };
		C362AC652716E24000DF6180 /* UserAccountViewModel.swift in Sources */ = {isa = PBXBuildFile; fileRef = C362AC642716E24000DF6180 /* UserAccountViewModel.swift */; };
		C362AC672716E26300DF6180 /* LotsCellModel.swift in Sources */ = {isa = PBXBuildFile; fileRef = C362AC662716E26300DF6180 /* LotsCellModel.swift */; };
		C362AC692716E57A00DF6180 /* Formatter.swift in Sources */ = {isa = PBXBuildFile; fileRef = C362AC682716E57A00DF6180 /* Formatter.swift */; };
		C363ED35271847F400C5782B /* SearchControllerViewModel.swift in Sources */ = {isa = PBXBuildFile; fileRef = C363ED34271847F400C5782B /* SearchControllerViewModel.swift */; };
		C363ED3727184CCD00C5782B /* ResultSearchModel.swift in Sources */ = {isa = PBXBuildFile; fileRef = C363ED3627184CCD00C5782B /* ResultSearchModel.swift */; };
		C36645D72703319600B8410E /* LotsCell.xib in Resources */ = {isa = PBXBuildFile; fileRef = C36645D62703319600B8410E /* LotsCell.xib */; };
		C36645D9270333AB00B8410E /* LotsCell.swift in Sources */ = {isa = PBXBuildFile; fileRef = C36645D8270333AB00B8410E /* LotsCell.swift */; };
		C367B9A826FC72F60005CDD8 /* Graph.swift in Sources */ = {isa = PBXBuildFile; fileRef = C367B9A726FC72F60005CDD8 /* Graph.swift */; };
		C36A7D4326FA05C400AF91C5 /* TickDetail.swift in Sources */ = {isa = PBXBuildFile; fileRef = C36A7D4226FA05C400AF91C5 /* TickDetail.swift */; };
		C36A7D4926FA24F000AF91C5 /* UserAccount.swift in Sources */ = {isa = PBXBuildFile; fileRef = C36A7D4826FA24F000AF91C5 /* UserAccount.swift */; };
		C39A40CC26F8CE40007BD630 /* AppDelegate.swift in Sources */ = {isa = PBXBuildFile; fileRef = C39A40CB26F8CE40007BD630 /* AppDelegate.swift */; };
		C39A40CE26F8CE40007BD630 /* SceneDelegate.swift in Sources */ = {isa = PBXBuildFile; fileRef = C39A40CD26F8CE40007BD630 /* SceneDelegate.swift */; };
		C39A40D026F8CE40007BD630 /* ViewController.swift in Sources */ = {isa = PBXBuildFile; fileRef = C39A40CF26F8CE40007BD630 /* ViewController.swift */; };
		C39A40D326F8CE40007BD630 /* Main.storyboard in Resources */ = {isa = PBXBuildFile; fileRef = C39A40D126F8CE40007BD630 /* Main.storyboard */; };
		C39A40D526F8CE42007BD630 /* Assets.xcassets in Resources */ = {isa = PBXBuildFile; fileRef = C39A40D426F8CE42007BD630 /* Assets.xcassets */; };
		C39A40D826F8CE42007BD630 /* LaunchScreen.storyboard in Resources */ = {isa = PBXBuildFile; fileRef = C39A40D626F8CE42007BD630 /* LaunchScreen.storyboard */; };
		C39A40E326F8CE42007BD630 /* Financial_AppTests.swift in Sources */ = {isa = PBXBuildFile; fileRef = C39A40E226F8CE42007BD630 /* Financial_AppTests.swift */; };
		C39A40EE26F8CE42007BD630 /* Financial_AppUITests.swift in Sources */ = {isa = PBXBuildFile; fileRef = C39A40ED26F8CE42007BD630 /* Financial_AppUITests.swift */; };
		C39A410126F8D370007BD630 /* Coordinator.swift in Sources */ = {isa = PBXBuildFile; fileRef = C39A410026F8D370007BD630 /* Coordinator.swift */; };
		C39A410326F8D3D1007BD630 /* MainCoordinator.swift in Sources */ = {isa = PBXBuildFile; fileRef = C39A410226F8D3D1007BD630 /* MainCoordinator.swift */; };
		C39A410526F8DAFB007BD630 /* Storyboarded.swift in Sources */ = {isa = PBXBuildFile; fileRef = C39A410426F8DAFB007BD630 /* Storyboarded.swift */; };
		C39A410726F8DE96007BD630 /* FinhubData.swift in Sources */ = {isa = PBXBuildFile; fileRef = C39A410626F8DE96007BD630 /* FinhubData.swift */; };
		C3B119A0270475FC00CE3873 /* ListOfSection.swift in Sources */ = {isa = PBXBuildFile; fileRef = C3B1199F270475FC00CE3873 /* ListOfSection.swift */; };
		C3B119A22704766100CE3873 /* ListCell.xib in Resources */ = {isa = PBXBuildFile; fileRef = C3B119A12704766100CE3873 /* ListCell.xib */; };
		C3B119A4270477E500CE3873 /* ListCell.swift in Sources */ = {isa = PBXBuildFile; fileRef = C3B119A3270477E500CE3873 /* ListCell.swift */; };
		C3F5E6DE2717111200349979 /* ListCellModel.swift in Sources */ = {isa = PBXBuildFile; fileRef = C3F5E6DD2717111200349979 /* ListCellModel.swift */; };
		C3F5E6E02717115200349979 /* SectionViewModel.swift in Sources */ = {isa = PBXBuildFile; fileRef = C3F5E6DF2717115200349979 /* SectionViewModel.swift */; };
		C3F5E6E22717117400349979 /* ViewControllerViewModel.swift in Sources */ = {isa = PBXBuildFile; fileRef = C3F5E6E12717117400349979 /* ViewControllerViewModel.swift */; };
		C3F5E6E42717118300349979 /* TickDetailViewModel.swift in Sources */ = {isa = PBXBuildFile; fileRef = C3F5E6E32717118300349979 /* TickDetailViewModel.swift */; };
		C3F5E6E6271715B800349979 /* CustomCellModel.swift in Sources */ = {isa = PBXBuildFile; fileRef = C3F5E6E5271715B800349979 /* CustomCellModel.swift */; };
		CD38B2CE26FF469D00307CB6 /* CustomTableViewCell.swift in Sources */ = {isa = PBXBuildFile; fileRef = CD38B2CD26FF469D00307CB6 /* CustomTableViewCell.swift */; };
		CD38B2D026FF46D700307CB6 /* CustomTableViewCell.xib in Resources */ = {isa = PBXBuildFile; fileRef = CD38B2CF26FF46D700307CB6 /* CustomTableViewCell.xib */; };
		CD38B2D226FF581E00307CB6 /* FinhubSearch.swift in Sources */ = {isa = PBXBuildFile; fileRef = CD38B2D126FF581E00307CB6 /* FinhubSearch.swift */; };
		CD38B2DC2700BEDC00307CB6 /* Finhub.xcdatamodeld in Sources */ = {isa = PBXBuildFile; fileRef = CD38B2DA2700BEDC00307CB6 /* Finhub.xcdatamodeld */; };
		CD4BEAA3270E5D2500C99791 /* StockHandleData.swift in Sources */ = {isa = PBXBuildFile; fileRef = CD4BEAA2270E5D2500C99791 /* StockHandleData.swift */; };
/* End PBXBuildFile section */

/* Begin PBXContainerItemProxy section */
		C39A40DF26F8CE42007BD630 /* PBXContainerItemProxy */ = {
			isa = PBXContainerItemProxy;
			containerPortal = C39A40C026F8CE40007BD630 /* Project object */;
			proxyType = 1;
			remoteGlobalIDString = C39A40C726F8CE40007BD630;
			remoteInfo = "Financial App";
		};
		C39A40EA26F8CE42007BD630 /* PBXContainerItemProxy */ = {
			isa = PBXContainerItemProxy;
			containerPortal = C39A40C026F8CE40007BD630 /* Project object */;
			proxyType = 1;
			remoteGlobalIDString = C39A40C726F8CE40007BD630;
			remoteInfo = "Financial App";
		};
/* End PBXContainerItemProxy section */

/* Begin PBXFileReference section */
		1BC9EA1F720ECC8C8C9F8B19 /* Pods-Financial App-Financial AppUITests.debug.xcconfig */ = {isa = PBXFileReference; includeInIndex = 1; lastKnownFileType = text.xcconfig; name = "Pods-Financial App-Financial AppUITests.debug.xcconfig"; path = "Target Support Files/Pods-Financial App-Financial AppUITests/Pods-Financial App-Financial AppUITests.debug.xcconfig"; sourceTree = "<group>"; };
		4C3BB4DBF8ED92FEF29E79BA /* Pods-Financial App.release.xcconfig */ = {isa = PBXFileReference; includeInIndex = 1; lastKnownFileType = text.xcconfig; name = "Pods-Financial App.release.xcconfig"; path = "Target Support Files/Pods-Financial App/Pods-Financial App.release.xcconfig"; sourceTree = "<group>"; };
		7755888AB85AC5FB267334D4 /* Pods-Financial AppTests.debug.xcconfig */ = {isa = PBXFileReference; includeInIndex = 1; lastKnownFileType = text.xcconfig; name = "Pods-Financial AppTests.debug.xcconfig"; path = "Target Support Files/Pods-Financial AppTests/Pods-Financial AppTests.debug.xcconfig"; sourceTree = "<group>"; };
		84A68B11B70530CEB0F53153 /* Pods-Financial AppTests.release.xcconfig */ = {isa = PBXFileReference; includeInIndex = 1; lastKnownFileType = text.xcconfig; name = "Pods-Financial AppTests.release.xcconfig"; path = "Target Support Files/Pods-Financial AppTests/Pods-Financial AppTests.release.xcconfig"; sourceTree = "<group>"; };
		967EAC40839AC656643E38FF /* Pods-Financial App.debug.xcconfig */ = {isa = PBXFileReference; includeInIndex = 1; lastKnownFileType = text.xcconfig; name = "Pods-Financial App.debug.xcconfig"; path = "Target Support Files/Pods-Financial App/Pods-Financial App.debug.xcconfig"; sourceTree = "<group>"; };
		A0FB97ACCBA7F23E566919D8 /* Pods_Financial_App_Financial_AppUITests.framework */ = {isa = PBXFileReference; explicitFileType = wrapper.framework; includeInIndex = 0; path = Pods_Financial_App_Financial_AppUITests.framework; sourceTree = BUILT_PRODUCTS_DIR; };
		B075FD96257DB4ED8FBD8395 /* Pods_Financial_AppTests.framework */ = {isa = PBXFileReference; explicitFileType = wrapper.framework; includeInIndex = 0; path = Pods_Financial_AppTests.framework; sourceTree = BUILT_PRODUCTS_DIR; };
		C345C5812701BEAC008616CF /* SearchController.swift */ = {isa = PBXFileReference; lastKnownFileType = sourcecode.swift; path = SearchController.swift; sourceTree = "<group>"; };
		C3579ADB27102D9D00B70F33 /* FinhubRxRequests.swift */ = {isa = PBXFileReference; lastKnownFileType = sourcecode.swift; path = FinhubRxRequests.swift; sourceTree = "<group>"; };
		C35EAF6427145B930005498B /* Config.swift */ = {isa = PBXFileReference; lastKnownFileType = sourcecode.swift; path = Config.swift; sourceTree = "<group>"; };
		C361628C270C495900D375A7 /* EnumApi.swift */ = {isa = PBXFileReference; lastKnownFileType = sourcecode.swift; path = EnumApi.swift; sourceTree = "<group>"; };
		C362AC642716E24000DF6180 /* UserAccountViewModel.swift */ = {isa = PBXFileReference; lastKnownFileType = sourcecode.swift; path = UserAccountViewModel.swift; sourceTree = "<group>"; };
		C362AC662716E26300DF6180 /* LotsCellModel.swift */ = {isa = PBXFileReference; lastKnownFileType = sourcecode.swift; path = LotsCellModel.swift; sourceTree = "<group>"; };
		C362AC682716E57A00DF6180 /* Formatter.swift */ = {isa = PBXFileReference; lastKnownFileType = sourcecode.swift; path = Formatter.swift; sourceTree = "<group>"; };
		C363ED34271847F400C5782B /* SearchControllerViewModel.swift */ = {isa = PBXFileReference; lastKnownFileType = sourcecode.swift; path = SearchControllerViewModel.swift; sourceTree = "<group>"; };
		C363ED3627184CCD00C5782B /* ResultSearchModel.swift */ = {isa = PBXFileReference; lastKnownFileType = sourcecode.swift; path = ResultSearchModel.swift; sourceTree = "<group>"; };
		C36645D62703319600B8410E /* LotsCell.xib */ = {isa = PBXFileReference; lastKnownFileType = file.xib; path = LotsCell.xib; sourceTree = "<group>"; };
		C36645D8270333AB00B8410E /* LotsCell.swift */ = {isa = PBXFileReference; lastKnownFileType = sourcecode.swift; path = LotsCell.swift; sourceTree = "<group>"; };
		C367B9A726FC72F60005CDD8 /* Graph.swift */ = {isa = PBXFileReference; lastKnownFileType = sourcecode.swift; path = Graph.swift; sourceTree = "<group>"; };
		C36A7D4226FA05C400AF91C5 /* TickDetail.swift */ = {isa = PBXFileReference; lastKnownFileType = sourcecode.swift; path = TickDetail.swift; sourceTree = "<group>"; };
		C36A7D4826FA24F000AF91C5 /* UserAccount.swift */ = {isa = PBXFileReference; lastKnownFileType = sourcecode.swift; path = UserAccount.swift; sourceTree = "<group>"; };
		C39A40C826F8CE40007BD630 /* Financial App.app */ = {isa = PBXFileReference; explicitFileType = wrapper.application; includeInIndex = 0; path = "Financial App.app"; sourceTree = BUILT_PRODUCTS_DIR; };
		C39A40CB26F8CE40007BD630 /* AppDelegate.swift */ = {isa = PBXFileReference; lastKnownFileType = sourcecode.swift; path = AppDelegate.swift; sourceTree = "<group>"; };
		C39A40CD26F8CE40007BD630 /* SceneDelegate.swift */ = {isa = PBXFileReference; lastKnownFileType = sourcecode.swift; path = SceneDelegate.swift; sourceTree = "<group>"; };
		C39A40CF26F8CE40007BD630 /* ViewController.swift */ = {isa = PBXFileReference; lastKnownFileType = sourcecode.swift; path = ViewController.swift; sourceTree = "<group>"; };
		C39A40D226F8CE40007BD630 /* Base */ = {isa = PBXFileReference; lastKnownFileType = file.storyboard; name = Base; path = Base.lproj/Main.storyboard; sourceTree = "<group>"; };
		C39A40D426F8CE42007BD630 /* Assets.xcassets */ = {isa = PBXFileReference; lastKnownFileType = folder.assetcatalog; path = Assets.xcassets; sourceTree = "<group>"; };
		C39A40D726F8CE42007BD630 /* Base */ = {isa = PBXFileReference; lastKnownFileType = file.storyboard; name = Base; path = Base.lproj/LaunchScreen.storyboard; sourceTree = "<group>"; };
		C39A40D926F8CE42007BD630 /* Info.plist */ = {isa = PBXFileReference; lastKnownFileType = text.plist.xml; path = Info.plist; sourceTree = "<group>"; };
		C39A40DE26F8CE42007BD630 /* Financial AppTests.xctest */ = {isa = PBXFileReference; explicitFileType = wrapper.cfbundle; includeInIndex = 0; path = "Financial AppTests.xctest"; sourceTree = BUILT_PRODUCTS_DIR; };
		C39A40E226F8CE42007BD630 /* Financial_AppTests.swift */ = {isa = PBXFileReference; lastKnownFileType = sourcecode.swift; path = Financial_AppTests.swift; sourceTree = "<group>"; };
		C39A40E426F8CE42007BD630 /* Info.plist */ = {isa = PBXFileReference; lastKnownFileType = text.plist.xml; path = Info.plist; sourceTree = "<group>"; };
		C39A40E926F8CE42007BD630 /* Financial AppUITests.xctest */ = {isa = PBXFileReference; explicitFileType = wrapper.cfbundle; includeInIndex = 0; path = "Financial AppUITests.xctest"; sourceTree = BUILT_PRODUCTS_DIR; };
		C39A40ED26F8CE42007BD630 /* Financial_AppUITests.swift */ = {isa = PBXFileReference; lastKnownFileType = sourcecode.swift; path = Financial_AppUITests.swift; sourceTree = "<group>"; };
		C39A40EF26F8CE42007BD630 /* Info.plist */ = {isa = PBXFileReference; lastKnownFileType = text.plist.xml; path = Info.plist; sourceTree = "<group>"; };
		C39A410026F8D370007BD630 /* Coordinator.swift */ = {isa = PBXFileReference; lastKnownFileType = sourcecode.swift; path = Coordinator.swift; sourceTree = "<group>"; };
		C39A410226F8D3D1007BD630 /* MainCoordinator.swift */ = {isa = PBXFileReference; lastKnownFileType = sourcecode.swift; path = MainCoordinator.swift; sourceTree = "<group>"; };
		C39A410426F8DAFB007BD630 /* Storyboarded.swift */ = {isa = PBXFileReference; lastKnownFileType = sourcecode.swift; path = Storyboarded.swift; sourceTree = "<group>"; };
		C39A410626F8DE96007BD630 /* FinhubData.swift */ = {isa = PBXFileReference; lastKnownFileType = sourcecode.swift; path = FinhubData.swift; sourceTree = "<group>"; };
		C3B1199F270475FC00CE3873 /* ListOfSection.swift */ = {isa = PBXFileReference; lastKnownFileType = sourcecode.swift; path = ListOfSection.swift; sourceTree = "<group>"; };
		C3B119A12704766100CE3873 /* ListCell.xib */ = {isa = PBXFileReference; lastKnownFileType = file.xib; path = ListCell.xib; sourceTree = "<group>"; };
		C3B119A3270477E500CE3873 /* ListCell.swift */ = {isa = PBXFileReference; lastKnownFileType = sourcecode.swift; path = ListCell.swift; sourceTree = "<group>"; };
		C3F5E6DD2717111200349979 /* ListCellModel.swift */ = {isa = PBXFileReference; lastKnownFileType = sourcecode.swift; path = ListCellModel.swift; sourceTree = "<group>"; };
		C3F5E6DF2717115200349979 /* SectionViewModel.swift */ = {isa = PBXFileReference; lastKnownFileType = sourcecode.swift; path = SectionViewModel.swift; sourceTree = "<group>"; };
		C3F5E6E12717117400349979 /* ViewControllerViewModel.swift */ = {isa = PBXFileReference; lastKnownFileType = sourcecode.swift; path = ViewControllerViewModel.swift; sourceTree = "<group>"; };
		C3F5E6E32717118300349979 /* TickDetailViewModel.swift */ = {isa = PBXFileReference; lastKnownFileType = sourcecode.swift; path = TickDetailViewModel.swift; sourceTree = "<group>"; };
		C3F5E6E5271715B800349979 /* CustomCellModel.swift */ = {isa = PBXFileReference; lastKnownFileType = sourcecode.swift; path = CustomCellModel.swift; sourceTree = "<group>"; };
		CCE470CFB315B964990D50FB /* Pods_Financial_App.framework */ = {isa = PBXFileReference; explicitFileType = wrapper.framework; includeInIndex = 0; path = Pods_Financial_App.framework; sourceTree = BUILT_PRODUCTS_DIR; };
		CCFA53DDD701C48AF1491D35 /* Pods-Financial App-Financial AppUITests.release.xcconfig */ = {isa = PBXFileReference; includeInIndex = 1; lastKnownFileType = text.xcconfig; name = "Pods-Financial App-Financial AppUITests.release.xcconfig"; path = "Target Support Files/Pods-Financial App-Financial AppUITests/Pods-Financial App-Financial AppUITests.release.xcconfig"; sourceTree = "<group>"; };
		CD38B2CD26FF469D00307CB6 /* CustomTableViewCell.swift */ = {isa = PBXFileReference; lastKnownFileType = sourcecode.swift; path = CustomTableViewCell.swift; sourceTree = "<group>"; };
		CD38B2CF26FF46D700307CB6 /* CustomTableViewCell.xib */ = {isa = PBXFileReference; lastKnownFileType = file.xib; path = CustomTableViewCell.xib; sourceTree = "<group>"; };
		CD38B2D126FF581E00307CB6 /* FinhubSearch.swift */ = {isa = PBXFileReference; lastKnownFileType = sourcecode.swift; path = FinhubSearch.swift; sourceTree = "<group>"; };
		CD38B2DB2700BEDC00307CB6 /* Finhub.xcdatamodel */ = {isa = PBXFileReference; lastKnownFileType = wrapper.xcdatamodel; path = Finhub.xcdatamodel; sourceTree = "<group>"; };
		CD4BEAA2270E5D2500C99791 /* StockHandleData.swift */ = {isa = PBXFileReference; lastKnownFileType = sourcecode.swift; path = StockHandleData.swift; sourceTree = "<group>"; };
/* End PBXFileReference section */

/* Begin PBXFrameworksBuildPhase section */
		C39A40C526F8CE40007BD630 /* Frameworks */ = {
			isa = PBXFrameworksBuildPhase;
			buildActionMask = 2147483647;
			files = (
				05F71CB7E1E88DC28C140EBE /* Pods_Financial_App.framework in Frameworks */,
			);
			runOnlyForDeploymentPostprocessing = 0;
		};
		C39A40DB26F8CE42007BD630 /* Frameworks */ = {
			isa = PBXFrameworksBuildPhase;
			buildActionMask = 2147483647;
			files = (
				70EC372F6BACA00147DEC4CC /* Pods_Financial_AppTests.framework in Frameworks */,
			);
			runOnlyForDeploymentPostprocessing = 0;
		};
		C39A40E626F8CE42007BD630 /* Frameworks */ = {
			isa = PBXFrameworksBuildPhase;
			buildActionMask = 2147483647;
			files = (
				9D245C056320E1D7BBBA96D6 /* Pods_Financial_App_Financial_AppUITests.framework in Frameworks */,
			);
			runOnlyForDeploymentPostprocessing = 0;
		};
/* End PBXFrameworksBuildPhase section */

/* Begin PBXGroup section */
		414703BE1A8E04A2FBD39F3F /* Frameworks */ = {
			isa = PBXGroup;
			children = (
				CCE470CFB315B964990D50FB /* Pods_Financial_App.framework */,
				A0FB97ACCBA7F23E566919D8 /* Pods_Financial_App_Financial_AppUITests.framework */,
				B075FD96257DB4ED8FBD8395 /* Pods_Financial_AppTests.framework */,
			);
			name = Frameworks;
			sourceTree = "<group>";
		};
		C35EAF612714474F0005498B /* Dependencies */ = {
			isa = PBXGroup;
			children = (
				C35EAF6427145B930005498B /* Config.swift */,
			);
			path = Dependencies;
			sourceTree = "<group>";
		};
		C360126D2705A41D00FC6547 /* Cells */ = {
			isa = PBXGroup;
			children = (
				C3F5E6D82717105300349979 /* CellModel */,
				C36645D8270333AB00B8410E /* LotsCell.swift */,
				C3B119A3270477E500CE3873 /* ListCell.swift */,
				CD38B2CD26FF469D00307CB6 /* CustomTableViewCell.swift */,
			);
			path = Cells;
			sourceTree = "<group>";
		};
		C362AC6A2716E67B00DF6180 /* Formatter */ = {
			isa = PBXGroup;
			children = (
				C362AC682716E57A00DF6180 /* Formatter.swift */,
			);
			path = Formatter;
			sourceTree = "<group>";
		};
		C39A40BF26F8CE40007BD630 = {
			isa = PBXGroup;
			children = (
				C39A40CA26F8CE40007BD630 /* Financial App */,
				C39A40E126F8CE42007BD630 /* Financial AppTests */,
				C39A40EC26F8CE42007BD630 /* Financial AppUITests */,
				C39A40C926F8CE40007BD630 /* Products */,
				C56672EC95C3056C08BCA518 /* Pods */,
				414703BE1A8E04A2FBD39F3F /* Frameworks */,
			);
			sourceTree = "<group>";
		};
		C39A40C926F8CE40007BD630 /* Products */ = {
			isa = PBXGroup;
			children = (
				C39A40C826F8CE40007BD630 /* Financial App.app */,
				C39A40DE26F8CE42007BD630 /* Financial AppTests.xctest */,
				C39A40E926F8CE42007BD630 /* Financial AppUITests.xctest */,
			);
			name = Products;
			sourceTree = "<group>";
		};
		C39A40CA26F8CE40007BD630 /* Financial App */ = {
			isa = PBXGroup;
			children = (
				C3F5E6DB2717108000349979 /* Request */,
				C362AC6A2716E67B00DF6180 /* Formatter */,
				C35EAF612714474F0005498B /* Dependencies */,
				CD38B2D92700BEBC00307CB6 /* Core Data Model */,
				C39A40FF26F8D315007BD630 /* Common */,
				C39A40FE26F8D309007BD630 /* View */,
				C39A40FD26F8D2FD007BD630 /* ModelView */,
				C39A40FC26F8D2F8007BD630 /* Model */,
				C39A40FB26F8D2EB007BD630 /* Coordinator */,
				C39A40D426F8CE42007BD630 /* Assets.xcassets */,
				C39A40D626F8CE42007BD630 /* LaunchScreen.storyboard */,
				C39A40D926F8CE42007BD630 /* Info.plist */,
			);
			path = "Financial App";
			sourceTree = "<group>";
		};
		C39A40E126F8CE42007BD630 /* Financial AppTests */ = {
			isa = PBXGroup;
			children = (
				C39A40E226F8CE42007BD630 /* Financial_AppTests.swift */,
				C39A40E426F8CE42007BD630 /* Info.plist */,
			);
			path = "Financial AppTests";
			sourceTree = "<group>";
		};
		C39A40EC26F8CE42007BD630 /* Financial AppUITests */ = {
			isa = PBXGroup;
			children = (
				C39A40ED26F8CE42007BD630 /* Financial_AppUITests.swift */,
				C39A40EF26F8CE42007BD630 /* Info.plist */,
			);
			path = "Financial AppUITests";
			sourceTree = "<group>";
		};
		C39A40FB26F8D2EB007BD630 /* Coordinator */ = {
			isa = PBXGroup;
			children = (
				C39A410026F8D370007BD630 /* Coordinator.swift */,
				C39A410226F8D3D1007BD630 /* MainCoordinator.swift */,
				C39A410426F8DAFB007BD630 /* Storyboarded.swift */,
			);
			path = Coordinator;
			sourceTree = "<group>";
		};
		C39A40FC26F8D2F8007BD630 /* Model */ = {
			isa = PBXGroup;
			children = (
				C39A410626F8DE96007BD630 /* FinhubData.swift */,
				CD38B2D126FF581E00307CB6 /* FinhubSearch.swift */,
				CD4BEAA2270E5D2500C99791 /* StockHandleData.swift */,
			);
			path = Model;
			sourceTree = "<group>";
		};
		C39A40FD26F8D2FD007BD630 /* ModelView */ = {
			isa = PBXGroup;
			children = (
				C362AC642716E24000DF6180 /* UserAccountViewModel.swift */,
				C3F5E6DF2717115200349979 /* SectionViewModel.swift */,
				C3F5E6E12717117400349979 /* ViewControllerViewModel.swift */,
				C3F5E6E32717118300349979 /* TickDetailViewModel.swift */,
				C363ED34271847F400C5782B /* SearchControllerViewModel.swift */,
			);
			path = ModelView;
			sourceTree = "<group>";
		};
		C39A40FE26F8D309007BD630 /* View */ = {
			isa = PBXGroup;
			children = (
				C3F5E6DC271710D800349979 /* CellView */,
				C360126D2705A41D00FC6547 /* Cells */,
				C39A40CF26F8CE40007BD630 /* ViewController.swift */,
				C36A7D4226FA05C400AF91C5 /* TickDetail.swift */,
				C36A7D4826FA24F000AF91C5 /* UserAccount.swift */,
				C367B9A726FC72F60005CDD8 /* Graph.swift */,
				C345C5812701BEAC008616CF /* SearchController.swift */,
				C3B1199F270475FC00CE3873 /* ListOfSection.swift */,
			);
			path = View;
			sourceTree = "<group>";
		};
		C39A40FF26F8D315007BD630 /* Common */ = {
			isa = PBXGroup;
			children = (
				C39A40CB26F8CE40007BD630 /* AppDelegate.swift */,
				C39A40CD26F8CE40007BD630 /* SceneDelegate.swift */,
				C39A40D126F8CE40007BD630 /* Main.storyboard */,
			);
			path = Common;
			sourceTree = "<group>";
		};
		C3F5E6D82717105300349979 /* CellModel */ = {
			isa = PBXGroup;
			children = (
				C362AC662716E26300DF6180 /* LotsCellModel.swift */,
				C3F5E6DD2717111200349979 /* ListCellModel.swift */,
				C3F5E6E5271715B800349979 /* CustomCellModel.swift */,
				C363ED3627184CCD00C5782B /* ResultSearchModel.swift */,
			);
			path = CellModel;
			sourceTree = "<group>";
		};
		C3F5E6DB2717108000349979 /* Request */ = {
			isa = PBXGroup;
			children = (
				C361628C270C495900D375A7 /* EnumApi.swift */,
				C3579ADB27102D9D00B70F33 /* FinhubRxRequests.swift */,
			);
			path = Request;
			sourceTree = "<group>";
		};
		C3F5E6DC271710D800349979 /* CellView */ = {
			isa = PBXGroup;
			children = (
				C36645D62703319600B8410E /* LotsCell.xib */,
				C3B119A12704766100CE3873 /* ListCell.xib */,
				CD38B2CF26FF46D700307CB6 /* CustomTableViewCell.xib */,
			);
			path = CellView;
			sourceTree = "<group>";
		};
		C56672EC95C3056C08BCA518 /* Pods */ = {
			isa = PBXGroup;
			children = (
				967EAC40839AC656643E38FF /* Pods-Financial App.debug.xcconfig */,
				4C3BB4DBF8ED92FEF29E79BA /* Pods-Financial App.release.xcconfig */,
				1BC9EA1F720ECC8C8C9F8B19 /* Pods-Financial App-Financial AppUITests.debug.xcconfig */,
				CCFA53DDD701C48AF1491D35 /* Pods-Financial App-Financial AppUITests.release.xcconfig */,
				7755888AB85AC5FB267334D4 /* Pods-Financial AppTests.debug.xcconfig */,
				84A68B11B70530CEB0F53153 /* Pods-Financial AppTests.release.xcconfig */,
			);
			path = Pods;
			sourceTree = "<group>";
		};
		CD38B2D92700BEBC00307CB6 /* Core Data Model */ = {
			isa = PBXGroup;
			children = (
				CD38B2DA2700BEDC00307CB6 /* Finhub.xcdatamodeld */,
			);
			path = "Core Data Model";
			sourceTree = "<group>";
		};
/* End PBXGroup section */

/* Begin PBXNativeTarget section */
		C39A40C726F8CE40007BD630 /* Financial App */ = {
			isa = PBXNativeTarget;
			buildConfigurationList = C39A40F226F8CE42007BD630 /* Build configuration list for PBXNativeTarget "Financial App" */;
			buildPhases = (
				38994ECCE7AF8654151A8148 /* [CP] Check Pods Manifest.lock */,
				C39A40C426F8CE40007BD630 /* Sources */,
				C39A40C526F8CE40007BD630 /* Frameworks */,
				C39A40C626F8CE40007BD630 /* Resources */,
				C803900DC16AA8746EFAB0F8 /* [CP] Embed Pods Frameworks */,
			);
			buildRules = (
			);
			dependencies = (
			);
			name = "Financial App";
			productName = "Financial App";
			productReference = C39A40C826F8CE40007BD630 /* Financial App.app */;
			productType = "com.apple.product-type.application";
		};
		C39A40DD26F8CE42007BD630 /* Financial AppTests */ = {
			isa = PBXNativeTarget;
			buildConfigurationList = C39A40F526F8CE42007BD630 /* Build configuration list for PBXNativeTarget "Financial AppTests" */;
			buildPhases = (
				20742B964C34B43FA319C751 /* [CP] Check Pods Manifest.lock */,
				C39A40DA26F8CE42007BD630 /* Sources */,
				C39A40DB26F8CE42007BD630 /* Frameworks */,
				C39A40DC26F8CE42007BD630 /* Resources */,
			);
			buildRules = (
			);
			dependencies = (
				C39A40E026F8CE42007BD630 /* PBXTargetDependency */,
			);
			name = "Financial AppTests";
			productName = "Financial AppTests";
			productReference = C39A40DE26F8CE42007BD630 /* Financial AppTests.xctest */;
			productType = "com.apple.product-type.bundle.unit-test";
		};
		C39A40E826F8CE42007BD630 /* Financial AppUITests */ = {
			isa = PBXNativeTarget;
			buildConfigurationList = C39A40F826F8CE42007BD630 /* Build configuration list for PBXNativeTarget "Financial AppUITests" */;
			buildPhases = (
				1267CEAB2409E81343F46CF7 /* [CP] Check Pods Manifest.lock */,
				C39A40E526F8CE42007BD630 /* Sources */,
				C39A40E626F8CE42007BD630 /* Frameworks */,
				C39A40E726F8CE42007BD630 /* Resources */,
				C933658C3A521DD2B5BD28AC /* [CP] Embed Pods Frameworks */,
			);
			buildRules = (
			);
			dependencies = (
				C39A40EB26F8CE42007BD630 /* PBXTargetDependency */,
			);
			name = "Financial AppUITests";
			productName = "Financial AppUITests";
			productReference = C39A40E926F8CE42007BD630 /* Financial AppUITests.xctest */;
			productType = "com.apple.product-type.bundle.ui-testing";
		};
/* End PBXNativeTarget section */

/* Begin PBXProject section */
		C39A40C026F8CE40007BD630 /* Project object */ = {
			isa = PBXProject;
			attributes = {
				LastSwiftUpdateCheck = 1250;
				LastUpgradeCheck = 1250;
				TargetAttributes = {
					C39A40C726F8CE40007BD630 = {
						CreatedOnToolsVersion = 12.5.1;
					};
					C39A40DD26F8CE42007BD630 = {
						CreatedOnToolsVersion = 12.5.1;
						TestTargetID = C39A40C726F8CE40007BD630;
					};
					C39A40E826F8CE42007BD630 = {
						CreatedOnToolsVersion = 12.5.1;
						TestTargetID = C39A40C726F8CE40007BD630;
					};
				};
			};
			buildConfigurationList = C39A40C326F8CE40007BD630 /* Build configuration list for PBXProject "Financial App" */;
			compatibilityVersion = "Xcode 9.3";
			developmentRegion = en;
			hasScannedForEncodings = 0;
			knownRegions = (
				en,
				Base,
			);
			mainGroup = C39A40BF26F8CE40007BD630;
			productRefGroup = C39A40C926F8CE40007BD630 /* Products */;
			projectDirPath = "";
			projectRoot = "";
			targets = (
				C39A40C726F8CE40007BD630 /* Financial App */,
				C39A40DD26F8CE42007BD630 /* Financial AppTests */,
				C39A40E826F8CE42007BD630 /* Financial AppUITests */,
			);
		};
/* End PBXProject section */

/* Begin PBXResourcesBuildPhase section */
		C39A40C626F8CE40007BD630 /* Resources */ = {
			isa = PBXResourcesBuildPhase;
			buildActionMask = 2147483647;
			files = (
				C39A40D826F8CE42007BD630 /* LaunchScreen.storyboard in Resources */,
				C39A40D526F8CE42007BD630 /* Assets.xcassets in Resources */,
				CD38B2D026FF46D700307CB6 /* CustomTableViewCell.xib in Resources */,
				C36645D72703319600B8410E /* LotsCell.xib in Resources */,
				C3B119A22704766100CE3873 /* ListCell.xib in Resources */,
				C39A40D326F8CE40007BD630 /* Main.storyboard in Resources */,
			);
			runOnlyForDeploymentPostprocessing = 0;
		};
		C39A40DC26F8CE42007BD630 /* Resources */ = {
			isa = PBXResourcesBuildPhase;
			buildActionMask = 2147483647;
			files = (
			);
			runOnlyForDeploymentPostprocessing = 0;
		};
		C39A40E726F8CE42007BD630 /* Resources */ = {
			isa = PBXResourcesBuildPhase;
			buildActionMask = 2147483647;
			files = (
			);
			runOnlyForDeploymentPostprocessing = 0;
		};
/* End PBXResourcesBuildPhase section */

/* Begin PBXShellScriptBuildPhase section */
		1267CEAB2409E81343F46CF7 /* [CP] Check Pods Manifest.lock */ = {
			isa = PBXShellScriptBuildPhase;
			buildActionMask = 2147483647;
			files = (
			);
			inputFileListPaths = (
			);
			inputPaths = (
				"${PODS_PODFILE_DIR_PATH}/Podfile.lock",
				"${PODS_ROOT}/Manifest.lock",
			);
			name = "[CP] Check Pods Manifest.lock";
			outputFileListPaths = (
			);
			outputPaths = (
				"$(DERIVED_FILE_DIR)/Pods-Financial App-Financial AppUITests-checkManifestLockResult.txt",
			);
			runOnlyForDeploymentPostprocessing = 0;
			shellPath = /bin/sh;
			shellScript = "diff \"${PODS_PODFILE_DIR_PATH}/Podfile.lock\" \"${PODS_ROOT}/Manifest.lock\" > /dev/null\nif [ $? != 0 ] ; then\n    # print error to STDERR\n    echo \"error: The sandbox is not in sync with the Podfile.lock. Run 'pod install' or update your CocoaPods installation.\" >&2\n    exit 1\nfi\n# This output is used by Xcode 'outputs' to avoid re-running this script phase.\necho \"SUCCESS\" > \"${SCRIPT_OUTPUT_FILE_0}\"\n";
			showEnvVarsInLog = 0;
		};
		20742B964C34B43FA319C751 /* [CP] Check Pods Manifest.lock */ = {
			isa = PBXShellScriptBuildPhase;
			buildActionMask = 2147483647;
			files = (
			);
			inputFileListPaths = (
			);
			inputPaths = (
				"${PODS_PODFILE_DIR_PATH}/Podfile.lock",
				"${PODS_ROOT}/Manifest.lock",
			);
			name = "[CP] Check Pods Manifest.lock";
			outputFileListPaths = (
			);
			outputPaths = (
				"$(DERIVED_FILE_DIR)/Pods-Financial AppTests-checkManifestLockResult.txt",
			);
			runOnlyForDeploymentPostprocessing = 0;
			shellPath = /bin/sh;
			shellScript = "diff \"${PODS_PODFILE_DIR_PATH}/Podfile.lock\" \"${PODS_ROOT}/Manifest.lock\" > /dev/null\nif [ $? != 0 ] ; then\n    # print error to STDERR\n    echo \"error: The sandbox is not in sync with the Podfile.lock. Run 'pod install' or update your CocoaPods installation.\" >&2\n    exit 1\nfi\n# This output is used by Xcode 'outputs' to avoid re-running this script phase.\necho \"SUCCESS\" > \"${SCRIPT_OUTPUT_FILE_0}\"\n";
			showEnvVarsInLog = 0;
		};
		38994ECCE7AF8654151A8148 /* [CP] Check Pods Manifest.lock */ = {
			isa = PBXShellScriptBuildPhase;
			buildActionMask = 2147483647;
			files = (
			);
			inputFileListPaths = (
			);
			inputPaths = (
				"${PODS_PODFILE_DIR_PATH}/Podfile.lock",
				"${PODS_ROOT}/Manifest.lock",
			);
			name = "[CP] Check Pods Manifest.lock";
			outputFileListPaths = (
			);
			outputPaths = (
				"$(DERIVED_FILE_DIR)/Pods-Financial App-checkManifestLockResult.txt",
			);
			runOnlyForDeploymentPostprocessing = 0;
			shellPath = /bin/sh;
			shellScript = "diff \"${PODS_PODFILE_DIR_PATH}/Podfile.lock\" \"${PODS_ROOT}/Manifest.lock\" > /dev/null\nif [ $? != 0 ] ; then\n    # print error to STDERR\n    echo \"error: The sandbox is not in sync with the Podfile.lock. Run 'pod install' or update your CocoaPods installation.\" >&2\n    exit 1\nfi\n# This output is used by Xcode 'outputs' to avoid re-running this script phase.\necho \"SUCCESS\" > \"${SCRIPT_OUTPUT_FILE_0}\"\n";
			showEnvVarsInLog = 0;
		};
		C803900DC16AA8746EFAB0F8 /* [CP] Embed Pods Frameworks */ = {
			isa = PBXShellScriptBuildPhase;
			buildActionMask = 2147483647;
			files = (
			);
			inputFileListPaths = (
				"${PODS_ROOT}/Target Support Files/Pods-Financial App/Pods-Financial App-frameworks-${CONFIGURATION}-input-files.xcfilelist",
			);
			name = "[CP] Embed Pods Frameworks";
			outputFileListPaths = (
				"${PODS_ROOT}/Target Support Files/Pods-Financial App/Pods-Financial App-frameworks-${CONFIGURATION}-output-files.xcfilelist",
			);
			runOnlyForDeploymentPostprocessing = 0;
			shellPath = /bin/sh;
			shellScript = "\"${PODS_ROOT}/Target Support Files/Pods-Financial App/Pods-Financial App-frameworks.sh\"\n";
			showEnvVarsInLog = 0;
		};
		C933658C3A521DD2B5BD28AC /* [CP] Embed Pods Frameworks */ = {
			isa = PBXShellScriptBuildPhase;
			buildActionMask = 2147483647;
			files = (
			);
			inputFileListPaths = (
				"${PODS_ROOT}/Target Support Files/Pods-Financial App-Financial AppUITests/Pods-Financial App-Financial AppUITests-frameworks-${CONFIGURATION}-input-files.xcfilelist",
			);
			name = "[CP] Embed Pods Frameworks";
			outputFileListPaths = (
				"${PODS_ROOT}/Target Support Files/Pods-Financial App-Financial AppUITests/Pods-Financial App-Financial AppUITests-frameworks-${CONFIGURATION}-output-files.xcfilelist",
			);
			runOnlyForDeploymentPostprocessing = 0;
			shellPath = /bin/sh;
			shellScript = "\"${PODS_ROOT}/Target Support Files/Pods-Financial App-Financial AppUITests/Pods-Financial App-Financial AppUITests-frameworks.sh\"\n";
			showEnvVarsInLog = 0;
		};
/* End PBXShellScriptBuildPhase section */

/* Begin PBXSourcesBuildPhase section */
		C39A40C426F8CE40007BD630 /* Sources */ = {
			isa = PBXSourcesBuildPhase;
			buildActionMask = 2147483647;
			files = (
				CD4BEAA3270E5D2500C99791 /* StockHandleData.swift in Sources */,
				C3F5E6DE2717111200349979 /* ListCellModel.swift in Sources */,
				C3F5E6E02717115200349979 /* SectionViewModel.swift in Sources */,
				C362AC672716E26300DF6180 /* LotsCellModel.swift in Sources */,
				C3B119A4270477E500CE3873 /* ListCell.swift in Sources */,
				C39A410126F8D370007BD630 /* Coordinator.swift in Sources */,
				C345C5822701BEAC008616CF /* SearchController.swift in Sources */,
				C39A410726F8DE96007BD630 /* FinhubData.swift in Sources */,
				C36645D9270333AB00B8410E /* LotsCell.swift in Sources */,
				C361628D270C495900D375A7 /* EnumApi.swift in Sources */,
				C39A40D026F8CE40007BD630 /* ViewController.swift in Sources */,
				C35EAF6527145B930005498B /* Config.swift in Sources */,
				CD38B2D226FF581E00307CB6 /* FinhubSearch.swift in Sources */,
				C3F5E6E6271715B800349979 /* CustomCellModel.swift in Sources */,
				CD38B2DC2700BEDC00307CB6 /* Finhub.xcdatamodeld in Sources */,
				C3579ADC27102D9D00B70F33 /* FinhubRxRequests.swift in Sources */,
				C39A40CC26F8CE40007BD630 /* AppDelegate.swift in Sources */,
				C3F5E6E22717117400349979 /* ViewControllerViewModel.swift in Sources */,
				C36A7D4326FA05C400AF91C5 /* TickDetail.swift in Sources */,
				C3F5E6E42717118300349979 /* TickDetailViewModel.swift in Sources */,
				CD38B2CE26FF469D00307CB6 /* CustomTableViewCell.swift in Sources */,
				C362AC692716E57A00DF6180 /* Formatter.swift in Sources */,
				C363ED35271847F400C5782B /* SearchControllerViewModel.swift in Sources */,
				C363ED3727184CCD00C5782B /* ResultSearchModel.swift in Sources */,
				C39A410326F8D3D1007BD630 /* MainCoordinator.swift in Sources */,
				C3B119A0270475FC00CE3873 /* ListOfSection.swift in Sources */,
				C367B9A826FC72F60005CDD8 /* Graph.swift in Sources */,
				C362AC652716E24000DF6180 /* UserAccountViewModel.swift in Sources */,
				C36A7D4926FA24F000AF91C5 /* UserAccount.swift in Sources */,
				C39A40CE26F8CE40007BD630 /* SceneDelegate.swift in Sources */,
				C39A410526F8DAFB007BD630 /* Storyboarded.swift in Sources */,
			);
			runOnlyForDeploymentPostprocessing = 0;
		};
		C39A40DA26F8CE42007BD630 /* Sources */ = {
			isa = PBXSourcesBuildPhase;
			buildActionMask = 2147483647;
			files = (
				C39A40E326F8CE42007BD630 /* Financial_AppTests.swift in Sources */,
			);
			runOnlyForDeploymentPostprocessing = 0;
		};
		C39A40E526F8CE42007BD630 /* Sources */ = {
			isa = PBXSourcesBuildPhase;
			buildActionMask = 2147483647;
			files = (
				C39A40EE26F8CE42007BD630 /* Financial_AppUITests.swift in Sources */,
			);
			runOnlyForDeploymentPostprocessing = 0;
		};
/* End PBXSourcesBuildPhase section */

/* Begin PBXTargetDependency section */
		C39A40E026F8CE42007BD630 /* PBXTargetDependency */ = {
			isa = PBXTargetDependency;
			target = C39A40C726F8CE40007BD630 /* Financial App */;
			targetProxy = C39A40DF26F8CE42007BD630 /* PBXContainerItemProxy */;
		};
		C39A40EB26F8CE42007BD630 /* PBXTargetDependency */ = {
			isa = PBXTargetDependency;
			target = C39A40C726F8CE40007BD630 /* Financial App */;
			targetProxy = C39A40EA26F8CE42007BD630 /* PBXContainerItemProxy */;
		};
/* End PBXTargetDependency section */

/* Begin PBXVariantGroup section */
		C39A40D126F8CE40007BD630 /* Main.storyboard */ = {
			isa = PBXVariantGroup;
			children = (
				C39A40D226F8CE40007BD630 /* Base */,
			);
			name = Main.storyboard;
			sourceTree = "<group>";
		};
		C39A40D626F8CE42007BD630 /* LaunchScreen.storyboard */ = {
			isa = PBXVariantGroup;
			children = (
				C39A40D726F8CE42007BD630 /* Base */,
			);
			name = LaunchScreen.storyboard;
			sourceTree = "<group>";
		};
/* End PBXVariantGroup section */

/* Begin XCBuildConfiguration section */
		C39A40F026F8CE42007BD630 /* Debug */ = {
			isa = XCBuildConfiguration;
			buildSettings = {
				ALWAYS_SEARCH_USER_PATHS = NO;
				CLANG_ANALYZER_NONNULL = YES;
				CLANG_ANALYZER_NUMBER_OBJECT_CONVERSION = YES_AGGRESSIVE;
				CLANG_CXX_LANGUAGE_STANDARD = "gnu++14";
				CLANG_CXX_LIBRARY = "libc++";
				CLANG_ENABLE_MODULES = YES;
				CLANG_ENABLE_OBJC_ARC = YES;
				CLANG_ENABLE_OBJC_WEAK = YES;
				CLANG_WARN_BLOCK_CAPTURE_AUTORELEASING = YES;
				CLANG_WARN_BOOL_CONVERSION = YES;
				CLANG_WARN_COMMA = YES;
				CLANG_WARN_CONSTANT_CONVERSION = YES;
				CLANG_WARN_DEPRECATED_OBJC_IMPLEMENTATIONS = YES;
				CLANG_WARN_DIRECT_OBJC_ISA_USAGE = YES_ERROR;
				CLANG_WARN_DOCUMENTATION_COMMENTS = YES;
				CLANG_WARN_EMPTY_BODY = YES;
				CLANG_WARN_ENUM_CONVERSION = YES;
				CLANG_WARN_INFINITE_RECURSION = YES;
				CLANG_WARN_INT_CONVERSION = YES;
				CLANG_WARN_NON_LITERAL_NULL_CONVERSION = YES;
				CLANG_WARN_OBJC_IMPLICIT_RETAIN_SELF = YES;
				CLANG_WARN_OBJC_LITERAL_CONVERSION = YES;
				CLANG_WARN_OBJC_ROOT_CLASS = YES_ERROR;
				CLANG_WARN_QUOTED_INCLUDE_IN_FRAMEWORK_HEADER = YES;
				CLANG_WARN_RANGE_LOOP_ANALYSIS = YES;
				CLANG_WARN_STRICT_PROTOTYPES = YES;
				CLANG_WARN_SUSPICIOUS_MOVE = YES;
				CLANG_WARN_UNGUARDED_AVAILABILITY = YES_AGGRESSIVE;
				CLANG_WARN_UNREACHABLE_CODE = YES;
				CLANG_WARN__DUPLICATE_METHOD_MATCH = YES;
				COPY_PHASE_STRIP = NO;
				DEBUG_INFORMATION_FORMAT = dwarf;
				ENABLE_STRICT_OBJC_MSGSEND = YES;
				ENABLE_TESTABILITY = YES;
				GCC_C_LANGUAGE_STANDARD = gnu11;
				GCC_DYNAMIC_NO_PIC = NO;
				GCC_NO_COMMON_BLOCKS = YES;
				GCC_OPTIMIZATION_LEVEL = 0;
				GCC_PREPROCESSOR_DEFINITIONS = (
					"DEBUG=1",
					"$(inherited)",
				);
				GCC_WARN_64_TO_32_BIT_CONVERSION = YES;
				GCC_WARN_ABOUT_RETURN_TYPE = YES_ERROR;
				GCC_WARN_UNDECLARED_SELECTOR = YES;
				GCC_WARN_UNINITIALIZED_AUTOS = YES_AGGRESSIVE;
				GCC_WARN_UNUSED_FUNCTION = YES;
				GCC_WARN_UNUSED_VARIABLE = YES;
				IPHONEOS_DEPLOYMENT_TARGET = 14.5;
				MTL_ENABLE_DEBUG_INFO = INCLUDE_SOURCE;
				MTL_FAST_MATH = YES;
				ONLY_ACTIVE_ARCH = YES;
				SDKROOT = iphoneos;
				SWIFT_ACTIVE_COMPILATION_CONDITIONS = DEBUG;
				SWIFT_OPTIMIZATION_LEVEL = "-Onone";
			};
			name = Debug;
		};
		C39A40F126F8CE42007BD630 /* Release */ = {
			isa = XCBuildConfiguration;
			buildSettings = {
				ALWAYS_SEARCH_USER_PATHS = NO;
				CLANG_ANALYZER_NONNULL = YES;
				CLANG_ANALYZER_NUMBER_OBJECT_CONVERSION = YES_AGGRESSIVE;
				CLANG_CXX_LANGUAGE_STANDARD = "gnu++14";
				CLANG_CXX_LIBRARY = "libc++";
				CLANG_ENABLE_MODULES = YES;
				CLANG_ENABLE_OBJC_ARC = YES;
				CLANG_ENABLE_OBJC_WEAK = YES;
				CLANG_WARN_BLOCK_CAPTURE_AUTORELEASING = YES;
				CLANG_WARN_BOOL_CONVERSION = YES;
				CLANG_WARN_COMMA = YES;
				CLANG_WARN_CONSTANT_CONVERSION = YES;
				CLANG_WARN_DEPRECATED_OBJC_IMPLEMENTATIONS = YES;
				CLANG_WARN_DIRECT_OBJC_ISA_USAGE = YES_ERROR;
				CLANG_WARN_DOCUMENTATION_COMMENTS = YES;
				CLANG_WARN_EMPTY_BODY = YES;
				CLANG_WARN_ENUM_CONVERSION = YES;
				CLANG_WARN_INFINITE_RECURSION = YES;
				CLANG_WARN_INT_CONVERSION = YES;
				CLANG_WARN_NON_LITERAL_NULL_CONVERSION = YES;
				CLANG_WARN_OBJC_IMPLICIT_RETAIN_SELF = YES;
				CLANG_WARN_OBJC_LITERAL_CONVERSION = YES;
				CLANG_WARN_OBJC_ROOT_CLASS = YES_ERROR;
				CLANG_WARN_QUOTED_INCLUDE_IN_FRAMEWORK_HEADER = YES;
				CLANG_WARN_RANGE_LOOP_ANALYSIS = YES;
				CLANG_WARN_STRICT_PROTOTYPES = YES;
				CLANG_WARN_SUSPICIOUS_MOVE = YES;
				CLANG_WARN_UNGUARDED_AVAILABILITY = YES_AGGRESSIVE;
				CLANG_WARN_UNREACHABLE_CODE = YES;
				CLANG_WARN__DUPLICATE_METHOD_MATCH = YES;
				COPY_PHASE_STRIP = NO;
				DEBUG_INFORMATION_FORMAT = "dwarf-with-dsym";
				ENABLE_NS_ASSERTIONS = NO;
				ENABLE_STRICT_OBJC_MSGSEND = YES;
				GCC_C_LANGUAGE_STANDARD = gnu11;
				GCC_NO_COMMON_BLOCKS = YES;
				GCC_WARN_64_TO_32_BIT_CONVERSION = YES;
				GCC_WARN_ABOUT_RETURN_TYPE = YES_ERROR;
				GCC_WARN_UNDECLARED_SELECTOR = YES;
				GCC_WARN_UNINITIALIZED_AUTOS = YES_AGGRESSIVE;
				GCC_WARN_UNUSED_FUNCTION = YES;
				GCC_WARN_UNUSED_VARIABLE = YES;
				IPHONEOS_DEPLOYMENT_TARGET = 14.5;
				MTL_ENABLE_DEBUG_INFO = NO;
				MTL_FAST_MATH = YES;
				SDKROOT = iphoneos;
				SWIFT_COMPILATION_MODE = wholemodule;
				SWIFT_OPTIMIZATION_LEVEL = "-O";
				VALIDATE_PRODUCT = YES;
			};
			name = Release;
		};
		C39A40F326F8CE42007BD630 /* Debug */ = {
			isa = XCBuildConfiguration;
			baseConfigurationReference = 967EAC40839AC656643E38FF /* Pods-Financial App.debug.xcconfig */;
			buildSettings = {
				ASSETCATALOG_COMPILER_APPICON_NAME = AppIcon;
				ASSETCATALOG_COMPILER_GLOBAL_ACCENT_COLOR_NAME = AccentColor;
				CODE_SIGN_STYLE = Automatic;
				DEVELOPMENT_TEAM = XJZXQZAKD4;
				INFOPLIST_FILE = "Financial App/Info.plist";
				LD_RUNPATH_SEARCH_PATHS = (
					"$(inherited)",
					"@executable_path/Frameworks",
				);
				PRODUCT_BUNDLE_IDENTIFIER = "com.Luk.Financial-App";
				PRODUCT_NAME = "$(TARGET_NAME)";
				SWIFT_VERSION = 5.0;
				TARGETED_DEVICE_FAMILY = "1,2";
			};
			name = Debug;
		};
		C39A40F426F8CE42007BD630 /* Release */ = {
			isa = XCBuildConfiguration;
			baseConfigurationReference = 4C3BB4DBF8ED92FEF29E79BA /* Pods-Financial App.release.xcconfig */;
			buildSettings = {
				ASSETCATALOG_COMPILER_APPICON_NAME = AppIcon;
				ASSETCATALOG_COMPILER_GLOBAL_ACCENT_COLOR_NAME = AccentColor;
				CODE_SIGN_STYLE = Automatic;
				DEVELOPMENT_TEAM = XJZXQZAKD4;
				INFOPLIST_FILE = "Financial App/Info.plist";
				LD_RUNPATH_SEARCH_PATHS = (
					"$(inherited)",
					"@executable_path/Frameworks",
				);
				PRODUCT_BUNDLE_IDENTIFIER = "com.Luk.Financial-App";
				PRODUCT_NAME = "$(TARGET_NAME)";
				SWIFT_VERSION = 5.0;
				TARGETED_DEVICE_FAMILY = "1,2";
			};
			name = Release;
		};
		C39A40F626F8CE42007BD630 /* Debug */ = {
			isa = XCBuildConfiguration;
			baseConfigurationReference = 7755888AB85AC5FB267334D4 /* Pods-Financial AppTests.debug.xcconfig */;
			buildSettings = {
				ALWAYS_EMBED_SWIFT_STANDARD_LIBRARIES = YES;
				BUNDLE_LOADER = "$(TEST_HOST)";
				CODE_SIGN_STYLE = Automatic;
				DEVELOPMENT_TEAM = XJZXQZAKD4;
				INFOPLIST_FILE = "Financial AppTests/Info.plist";
				IPHONEOS_DEPLOYMENT_TARGET = 14.5;
				LD_RUNPATH_SEARCH_PATHS = (
					"$(inherited)",
					"@executable_path/Frameworks",
					"@loader_path/Frameworks",
				);
				PRODUCT_BUNDLE_IDENTIFIER = "com.Luk.Financial-AppTests";
				PRODUCT_NAME = "$(TARGET_NAME)";
				SWIFT_VERSION = 5.0;
				TARGETED_DEVICE_FAMILY = "1,2";
				TEST_HOST = "$(BUILT_PRODUCTS_DIR)/Financial App.app/Financial App";
			};
			name = Debug;
		};
		C39A40F726F8CE42007BD630 /* Release */ = {
			isa = XCBuildConfiguration;
			baseConfigurationReference = 84A68B11B70530CEB0F53153 /* Pods-Financial AppTests.release.xcconfig */;
			buildSettings = {
				ALWAYS_EMBED_SWIFT_STANDARD_LIBRARIES = YES;
				BUNDLE_LOADER = "$(TEST_HOST)";
				CODE_SIGN_STYLE = Automatic;
				DEVELOPMENT_TEAM = XJZXQZAKD4;
				INFOPLIST_FILE = "Financial AppTests/Info.plist";
				IPHONEOS_DEPLOYMENT_TARGET = 14.5;
				LD_RUNPATH_SEARCH_PATHS = (
					"$(inherited)",
					"@executable_path/Frameworks",
					"@loader_path/Frameworks",
				);
				PRODUCT_BUNDLE_IDENTIFIER = "com.Luk.Financial-AppTests";
				PRODUCT_NAME = "$(TARGET_NAME)";
				SWIFT_VERSION = 5.0;
				TARGETED_DEVICE_FAMILY = "1,2";
				TEST_HOST = "$(BUILT_PRODUCTS_DIR)/Financial App.app/Financial App";
			};
			name = Release;
		};
		C39A40F926F8CE42007BD630 /* Debug */ = {
			isa = XCBuildConfiguration;
			baseConfigurationReference = 1BC9EA1F720ECC8C8C9F8B19 /* Pods-Financial App-Financial AppUITests.debug.xcconfig */;
			buildSettings = {
				ALWAYS_EMBED_SWIFT_STANDARD_LIBRARIES = YES;
				CODE_SIGN_STYLE = Automatic;
				DEVELOPMENT_TEAM = XJZXQZAKD4;
				INFOPLIST_FILE = "Financial AppUITests/Info.plist";
				LD_RUNPATH_SEARCH_PATHS = (
					"$(inherited)",
					"@executable_path/Frameworks",
					"@loader_path/Frameworks",
				);
				PRODUCT_BUNDLE_IDENTIFIER = "com.Luk.Financial-AppUITests";
				PRODUCT_NAME = "$(TARGET_NAME)";
				SWIFT_VERSION = 5.0;
				TARGETED_DEVICE_FAMILY = "1,2";
				TEST_TARGET_NAME = "Financial App";
			};
			name = Debug;
		};
		C39A40FA26F8CE42007BD630 /* Release */ = {
			isa = XCBuildConfiguration;
			baseConfigurationReference = CCFA53DDD701C48AF1491D35 /* Pods-Financial App-Financial AppUITests.release.xcconfig */;
			buildSettings = {
				ALWAYS_EMBED_SWIFT_STANDARD_LIBRARIES = YES;
				CODE_SIGN_STYLE = Automatic;
				DEVELOPMENT_TEAM = XJZXQZAKD4;
				INFOPLIST_FILE = "Financial AppUITests/Info.plist";
				LD_RUNPATH_SEARCH_PATHS = (
					"$(inherited)",
					"@executable_path/Frameworks",
					"@loader_path/Frameworks",
				);
				PRODUCT_BUNDLE_IDENTIFIER = "com.Luk.Financial-AppUITests";
				PRODUCT_NAME = "$(TARGET_NAME)";
				SWIFT_VERSION = 5.0;
				TARGETED_DEVICE_FAMILY = "1,2";
				TEST_TARGET_NAME = "Financial App";
			};
			name = Release;
		};
/* End XCBuildConfiguration section */

/* Begin XCConfigurationList section */
		C39A40C326F8CE40007BD630 /* Build configuration list for PBXProject "Financial App" */ = {
			isa = XCConfigurationList;
			buildConfigurations = (
				C39A40F026F8CE42007BD630 /* Debug */,
				C39A40F126F8CE42007BD630 /* Release */,
			);
			defaultConfigurationIsVisible = 0;
			defaultConfigurationName = Release;
		};
		C39A40F226F8CE42007BD630 /* Build configuration list for PBXNativeTarget "Financial App" */ = {
			isa = XCConfigurationList;
			buildConfigurations = (
				C39A40F326F8CE42007BD630 /* Debug */,
				C39A40F426F8CE42007BD630 /* Release */,
			);
			defaultConfigurationIsVisible = 0;
			defaultConfigurationName = Release;
		};
		C39A40F526F8CE42007BD630 /* Build configuration list for PBXNativeTarget "Financial AppTests" */ = {
			isa = XCConfigurationList;
			buildConfigurations = (
				C39A40F626F8CE42007BD630 /* Debug */,
				C39A40F726F8CE42007BD630 /* Release */,
			);
			defaultConfigurationIsVisible = 0;
			defaultConfigurationName = Release;
		};
		C39A40F826F8CE42007BD630 /* Build configuration list for PBXNativeTarget "Financial AppUITests" */ = {
			isa = XCConfigurationList;
			buildConfigurations = (
				C39A40F926F8CE42007BD630 /* Debug */,
				C39A40FA26F8CE42007BD630 /* Release */,
			);
			defaultConfigurationIsVisible = 0;
			defaultConfigurationName = Release;
		};
/* End XCConfigurationList section */

/* Begin XCVersionGroup section */
		CD38B2DA2700BEDC00307CB6 /* Finhub.xcdatamodeld */ = {
			isa = XCVersionGroup;
			children = (
				CD38B2DB2700BEDC00307CB6 /* Finhub.xcdatamodel */,
			);
			currentVersion = CD38B2DB2700BEDC00307CB6 /* Finhub.xcdatamodel */;
			path = Finhub.xcdatamodeld;
			sourceTree = "<group>";
			versionGroupType = wrapper.xcdatamodel;
		};
/* End XCVersionGroup section */
	};
	rootObject = C39A40C026F8CE40007BD630 /* Project object */;
}
