// !$*UTF8*$!
{
	archiveVersion = 1;
	classes = {
	};
	objectVersion = 50;
	objects = {

/* Begin PBXBuildFile section */
		C39A40CC26F8CE40007BD630 /* AppDelegate.swift in Sources */ = {isa = PBXBuildFile; fileRef = C39A40CB26F8CE40007BD630 /* AppDelegate.swift */; };
		C39A40CE26F8CE40007BD630 /* SceneDelegate.swift in Sources */ = {isa = PBXBuildFile; fileRef = C39A40CD26F8CE40007BD630 /* SceneDelegate.swift */; };
		C39A40D026F8CE40007BD630 /* ViewController.swift in Sources */ = {isa = PBXBuildFile; fileRef = C39A40CF26F8CE40007BD630 /* ViewController.swift */; };
		C39A40D326F8CE40007BD630 /* Main.storyboard in Resources */ = {isa = PBXBuildFile; fileRef = C39A40D126F8CE40007BD630 /* Main.storyboard */; };
		C39A40D526F8CE42007BD630 /* Assets.xcassets in Resources */ = {isa = PBXBuildFile; fileRef = C39A40D426F8CE42007BD630 /* Assets.xcassets */; };
		C39A40D826F8CE42007BD630 /* LaunchScreen.storyboard in Resources */ = {isa = PBXBuildFile; fileRef = C39A40D626F8CE42007BD630 /* LaunchScreen.storyboard */; };
		C39A40E326F8CE42007BD630 /* Financial_AppTests.swift in Sources */ = {isa = PBXBuildFile; fileRef = C39A40E226F8CE42007BD630 /* Financial_AppTests.swift */; };
		C39A40EE26F8CE42007BD630 /* Financial_AppUITests.swift in Sources */ = {isa = PBXBuildFile; fileRef = C39A40ED26F8CE42007BD630 /* Financial_AppUITests.swift */; };
/* End PBXBuildFile section */

/* Begin PBXContainerItemProxy section */
		C39A40DF26F8CE42007BD630 /* PBXContainerItemProxy */ = {
			isa = PBXContainerItemProxy;
			containerPortal = C39A40C026F8CE40007BD630 /* Project object */;
			proxyType = 1;
			remoteGlobalIDString = C39A40C726F8CE40007BD630;
			remoteInfo = "Financial App";
		};
		C39A40EA26F8CE42007BD630 /* PBXContainerItemProxy */ = {
			isa = PBXContainerItemProxy;
			containerPortal = C39A40C026F8CE40007BD630 /* Project object */;
			proxyType = 1;
			remoteGlobalIDString = C39A40C726F8CE40007BD630;
			remoteInfo = "Financial App";
		};
/* End PBXContainerItemProxy section */

/* Begin PBXFileReference section */
		C39A40C826F8CE40007BD630 /* Financial App.app */ = {isa = PBXFileReference; explicitFileType = wrapper.application; includeInIndex = 0; path = "Financial App.app"; sourceTree = BUILT_PRODUCTS_DIR; };
		C39A40CB26F8CE40007BD630 /* AppDelegate.swift */ = {isa = PBXFileReference; lastKnownFileType = sourcecode.swift; path = AppDelegate.swift; sourceTree = "<group>"; };
		C39A40CD26F8CE40007BD630 /* SceneDelegate.swift */ = {isa = PBXFileReference; lastKnownFileType = sourcecode.swift; path = SceneDelegate.swift; sourceTree = "<group>"; };
		C39A40CF26F8CE40007BD630 /* ViewController.swift */ = {isa = PBXFileReference; lastKnownFileType = sourcecode.swift; path = ViewController.swift; sourceTree = "<group>"; };
		C39A40D226F8CE40007BD630 /* Base */ = {isa = PBXFileReference; lastKnownFileType = file.storyboard; name = Base; path = Base.lproj/Main.storyboard; sourceTree = "<group>"; };
		C39A40D426F8CE42007BD630 /* Assets.xcassets */ = {isa = PBXFileReference; lastKnownFileType = folder.assetcatalog; path = Assets.xcassets; sourceTree = "<group>"; };
		C39A40D726F8CE42007BD630 /* Base */ = {isa = PBXFileReference; lastKnownFileType = file.storyboard; name = Base; path = Base.lproj/LaunchScreen.storyboard; sourceTree = "<group>"; };
		C39A40D926F8CE42007BD630 /* Info.plist */ = {isa = PBXFileReference; lastKnownFileType = text.plist.xml; path = Info.plist; sourceTree = "<group>"; };
		C39A40DE26F8CE42007BD630 /* Financial AppTests.xctest */ = {isa = PBXFileReference; explicitFileType = wrapper.cfbundle; includeInIndex = 0; path = "Financial AppTests.xctest"; sourceTree = BUILT_PRODUCTS_DIR; };
		C39A40E226F8CE42007BD630 /* Financial_AppTests.swift */ = {isa = PBXFileReference; lastKnownFileType = sourcecode.swift; path = Financial_AppTests.swift; sourceTree = "<group>"; };
		C39A40E426F8CE42007BD630 /* Info.plist */ = {isa = PBXFileReference; lastKnownFileType = text.plist.xml; path = Info.plist; sourceTree = "<group>"; };
		C39A40E926F8CE42007BD630 /* Financial AppUITests.xctest */ = {isa = PBXFileReference; explicitFileType = wrapper.cfbundle; includeInIndex = 0; path = "Financial AppUITests.xctest"; sourceTree = BUILT_PRODUCTS_DIR; };
		C39A40ED26F8CE42007BD630 /* Financial_AppUITests.swift */ = {isa = PBXFileReference; lastKnownFileType = sourcecode.swift; path = Financial_AppUITests.swift; sourceTree = "<group>"; };
		C39A40EF26F8CE42007BD630 /* Info.plist */ = {isa = PBXFileReference; lastKnownFileType = text.plist.xml; path = Info.plist; sourceTree = "<group>"; };
/* End PBXFileReference section */

/* Begin PBXFrameworksBuildPhase section */
		C39A40C526F8CE40007BD630 /* Frameworks */ = {
			isa = PBXFrameworksBuildPhase;
			buildActionMask = 2147483647;
			files = (
			);
			runOnlyForDeploymentPostprocessing = 0;
		};
		C39A40DB26F8CE42007BD630 /* Frameworks */ = {
			isa = PBXFrameworksBuildPhase;
			buildActionMask = 2147483647;
			files = (
			);
			runOnlyForDeploymentPostprocessing = 0;
		};
		C39A40E626F8CE42007BD630 /* Frameworks */ = {
			isa = PBXFrameworksBuildPhase;
			buildActionMask = 2147483647;
			files = (
			);
			runOnlyForDeploymentPostprocessing = 0;
		};
/* End PBXFrameworksBuildPhase section */

/* Begin PBXGroup section */
		C39A40BF26F8CE40007BD630 = {
			isa = PBXGroup;
			children = (
				C39A40CA26F8CE40007BD630 /* Financial App */,
				C39A40E126F8CE42007BD630 /* Financial AppTests */,
				C39A40EC26F8CE42007BD630 /* Financial AppUITests */,
				C39A40C926F8CE40007BD630 /* Products */,
			);
			sourceTree = "<group>";
		};
		C39A40C926F8CE40007BD630 /* Products */ = {
			isa = PBXGroup;
			children = (
				C39A40C826F8CE40007BD630 /* Financial App.app */,
				C39A40DE26F8CE42007BD630 /* Financial AppTests.xctest */,
				C39A40E926F8CE42007BD630 /* Financial AppUITests.xctest */,
			);
			name = Products;
			sourceTree = "<group>";
		};
		C39A40CA26F8CE40007BD630 /* Financial App */ = {
			isa = PBXGroup;
			children = (
				C39A40CB26F8CE40007BD630 /* AppDelegate.swift */,
				C39A40CD26F8CE40007BD630 /* SceneDelegate.swift */,
				C39A40CF26F8CE40007BD630 /* ViewController.swift */,
				C39A40D126F8CE40007BD630 /* Main.storyboard */,
				C39A40D426F8CE42007BD630 /* Assets.xcassets */,
				C39A40D626F8CE42007BD630 /* LaunchScreen.storyboard */,
				C39A40D926F8CE42007BD630 /* Info.plist */,
			);
			path = "Financial App";
			sourceTree = "<group>";
		};
		C39A40E126F8CE42007BD630 /* Financial AppTests */ = {
			isa = PBXGroup;
			children = (
				C39A40E226F8CE42007BD630 /* Financial_AppTests.swift */,
				C39A40E426F8CE42007BD630 /* Info.plist */,
			);
			path = "Financial AppTests";
			sourceTree = "<group>";
		};
		C39A40EC26F8CE42007BD630 /* Financial AppUITests */ = {
			isa = PBXGroup;
			children = (
				C39A40ED26F8CE42007BD630 /* Financial_AppUITests.swift */,
				C39A40EF26F8CE42007BD630 /* Info.plist */,
			);
			path = "Financial AppUITests";
			sourceTree = "<group>";
		};
/* End PBXGroup section */

/* Begin PBXNativeTarget section */
		C39A40C726F8CE40007BD630 /* Financial App */ = {
			isa = PBXNativeTarget;
			buildConfigurationList = C39A40F226F8CE42007BD630 /* Build configuration list for PBXNativeTarget "Financial App" */;
			buildPhases = (
				C39A40C426F8CE40007BD630 /* Sources */,
				C39A40C526F8CE40007BD630 /* Frameworks */,
				C39A40C626F8CE40007BD630 /* Resources */,
			);
			buildRules = (
			);
			dependencies = (
			);
			name = "Financial App";
			productName = "Financial App";
			productReference = C39A40C826F8CE40007BD630 /* Financial App.app */;
			productType = "com.apple.product-type.application";
		};
		C39A40DD26F8CE42007BD630 /* Financial AppTests */ = {
			isa = PBXNativeTarget;
			buildConfigurationList = C39A40F526F8CE42007BD630 /* Build configuration list for PBXNativeTarget "Financial AppTests" */;
			buildPhases = (
				C39A40DA26F8CE42007BD630 /* Sources */,
				C39A40DB26F8CE42007BD630 /* Frameworks */,
				C39A40DC26F8CE42007BD630 /* Resources */,
			);
			buildRules = (
			);
			dependencies = (
				C39A40E026F8CE42007BD630 /* PBXTargetDependency */,
			);
			name = "Financial AppTests";
			productName = "Financial AppTests";
			productReference = C39A40DE26F8CE42007BD630 /* Financial AppTests.xctest */;
			productType = "com.apple.product-type.bundle.unit-test";
		};
		C39A40E826F8CE42007BD630 /* Financial AppUITests */ = {
			isa = PBXNativeTarget;
			buildConfigurationList = C39A40F826F8CE42007BD630 /* Build configuration list for PBXNativeTarget "Financial AppUITests" */;
			buildPhases = (
				C39A40E526F8CE42007BD630 /* Sources */,
				C39A40E626F8CE42007BD630 /* Frameworks */,
				C39A40E726F8CE42007BD630 /* Resources */,
			);
			buildRules = (
			);
			dependencies = (
				C39A40EB26F8CE42007BD630 /* PBXTargetDependency */,
			);
			name = "Financial AppUITests";
			productName = "Financial AppUITests";
			productReference = C39A40E926F8CE42007BD630 /* Financial AppUITests.xctest */;
			productType = "com.apple.product-type.bundle.ui-testing";
		};
/* End PBXNativeTarget section */

/* Begin PBXProject section */
		C39A40C026F8CE40007BD630 /* Project object */ = {
			isa = PBXProject;
			attributes = {
				LastSwiftUpdateCheck = 1250;
				LastUpgradeCheck = 1250;
				TargetAttributes = {
					C39A40C726F8CE40007BD630 = {
						CreatedOnToolsVersion = 12.5.1;
					};
					C39A40DD26F8CE42007BD630 = {
						CreatedOnToolsVersion = 12.5.1;
						TestTargetID = C39A40C726F8CE40007BD630;
					};
					C39A40E826F8CE42007BD630 = {
						CreatedOnToolsVersion = 12.5.1;
						TestTargetID = C39A40C726F8CE40007BD630;
					};
				};
			};
			buildConfigurationList = C39A40C326F8CE40007BD630 /* Build configuration list for PBXProject "Financial App" */;
			compatibilityVersion = "Xcode 9.3";
			developmentRegion = en;
			hasScannedForEncodings = 0;
			knownRegions = (
				en,
				Base,
			);
			mainGroup = C39A40BF26F8CE40007BD630;
			productRefGroup = C39A40C926F8CE40007BD630 /* Products */;
			projectDirPath = "";
			projectRoot = "";
			targets = (
				C39A40C726F8CE40007BD630 /* Financial App */,
				C39A40DD26F8CE42007BD630 /* Financial AppTests */,
				C39A40E826F8CE42007BD630 /* Financial AppUITests */,
			);
		};
/* End PBXProject section */

/* Begin PBXResourcesBuildPhase section */
		C39A40C626F8CE40007BD630 /* Resources */ = {
			isa = PBXResourcesBuildPhase;
			buildActionMask = 2147483647;
			files = (
				C39A40D826F8CE42007BD630 /* LaunchScreen.storyboard in Resources */,
				C39A40D526F8CE42007BD630 /* Assets.xcassets in Resources */,
				C39A40D326F8CE40007BD630 /* Main.storyboard in Resources */,
			);
			runOnlyForDeploymentPostprocessing = 0;
		};
		C39A40DC26F8CE42007BD630 /* Resources */ = {
			isa = PBXResourcesBuildPhase;
			buildActionMask = 2147483647;
			files = (
			);
			runOnlyForDeploymentPostprocessing = 0;
		};
		C39A40E726F8CE42007BD630 /* Resources */ = {
			isa = PBXResourcesBuildPhase;
			buildActionMask = 2147483647;
			files = (
			);
			runOnlyForDeploymentPostprocessing = 0;
		};
/* End PBXResourcesBuildPhase section */

/* Begin PBXSourcesBuildPhase section */
		C39A40C426F8CE40007BD630 /* Sources */ = {
			isa = PBXSourcesBuildPhase;
			buildActionMask = 2147483647;
			files = (
				C39A40D026F8CE40007BD630 /* ViewController.swift in Sources */,
				C39A40CC26F8CE40007BD630 /* AppDelegate.swift in Sources */,
				C39A40CE26F8CE40007BD630 /* SceneDelegate.swift in Sources */,
			);
			runOnlyForDeploymentPostprocessing = 0;
		};
		C39A40DA26F8CE42007BD630 /* Sources */ = {
			isa = PBXSourcesBuildPhase;
			buildActionMask = 2147483647;
			files = (
				C39A40E326F8CE42007BD630 /* Financial_AppTests.swift in Sources */,
			);
			runOnlyForDeploymentPostprocessing = 0;
		};
		C39A40E526F8CE42007BD630 /* Sources */ = {
			isa = PBXSourcesBuildPhase;
			buildActionMask = 2147483647;
			files = (
				C39A40EE26F8CE42007BD630 /* Financial_AppUITests.swift in Sources */,
			);
			runOnlyForDeploymentPostprocessing = 0;
		};
/* End PBXSourcesBuildPhase section */

/* Begin PBXTargetDependency section */
		C39A40E026F8CE42007BD630 /* PBXTargetDependency */ = {
			isa = PBXTargetDependency;
			target = C39A40C726F8CE40007BD630 /* Financial App */;
			targetProxy = C39A40DF26F8CE42007BD630 /* PBXContainerItemProxy */;
		};
		C39A40EB26F8CE42007BD630 /* PBXTargetDependency */ = {
			isa = PBXTargetDependency;
			target = C39A40C726F8CE40007BD630 /* Financial App */;
			targetProxy = C39A40EA26F8CE42007BD630 /* PBXContainerItemProxy */;
		};
/* End PBXTargetDependency section */

/* Begin PBXVariantGroup section */
		C39A40D126F8CE40007BD630 /* Main.storyboard */ = {
			isa = PBXVariantGroup;
			children = (
				C39A40D226F8CE40007BD630 /* Base */,
			);
			name = Main.storyboard;
			sourceTree = "<group>";
		};
		C39A40D626F8CE42007BD630 /* LaunchScreen.storyboard */ = {
			isa = PBXVariantGroup;
			children = (
				C39A40D726F8CE42007BD630 /* Base */,
			);
			name = LaunchScreen.storyboard;
			sourceTree = "<group>";
		};
/* End PBXVariantGroup section */

/* Begin XCBuildConfiguration section */
		C39A40F026F8CE42007BD630 /* Debug */ = {
			isa = XCBuildConfiguration;
			buildSettings = {
				ALWAYS_SEARCH_USER_PATHS = NO;
				CLANG_ANALYZER_NONNULL = YES;
				CLANG_ANALYZER_NUMBER_OBJECT_CONVERSION = YES_AGGRESSIVE;
				CLANG_CXX_LANGUAGE_STANDARD = "gnu++14";
				CLANG_CXX_LIBRARY = "libc++";
				CLANG_ENABLE_MODULES = YES;
				CLANG_ENABLE_OBJC_ARC = YES;
				CLANG_ENABLE_OBJC_WEAK = YES;
				CLANG_WARN_BLOCK_CAPTURE_AUTORELEASING = YES;
				CLANG_WARN_BOOL_CONVERSION = YES;
				CLANG_WARN_COMMA = YES;
				CLANG_WARN_CONSTANT_CONVERSION = YES;
				CLANG_WARN_DEPRECATED_OBJC_IMPLEMENTATIONS = YES;
				CLANG_WARN_DIRECT_OBJC_ISA_USAGE = YES_ERROR;
				CLANG_WARN_DOCUMENTATION_COMMENTS = YES;
				CLANG_WARN_EMPTY_BODY = YES;
				CLANG_WARN_ENUM_CONVERSION = YES;
				CLANG_WARN_INFINITE_RECURSION = YES;
				CLANG_WARN_INT_CONVERSION = YES;
				CLANG_WARN_NON_LITERAL_NULL_CONVERSION = YES;
				CLANG_WARN_OBJC_IMPLICIT_RETAIN_SELF = YES;
				CLANG_WARN_OBJC_LITERAL_CONVERSION = YES;
				CLANG_WARN_OBJC_ROOT_CLASS = YES_ERROR;
				CLANG_WARN_QUOTED_INCLUDE_IN_FRAMEWORK_HEADER = YES;
				CLANG_WARN_RANGE_LOOP_ANALYSIS = YES;
				CLANG_WARN_STRICT_PROTOTYPES = YES;
				CLANG_WARN_SUSPICIOUS_MOVE = YES;
				CLANG_WARN_UNGUARDED_AVAILABILITY = YES_AGGRESSIVE;
				CLANG_WARN_UNREACHABLE_CODE = YES;
				CLANG_WARN__DUPLICATE_METHOD_MATCH = YES;
				COPY_PHASE_STRIP = NO;
				DEBUG_INFORMATION_FORMAT = dwarf;
				ENABLE_STRICT_OBJC_MSGSEND = YES;
				ENABLE_TESTABILITY = YES;
				GCC_C_LANGUAGE_STANDARD = gnu11;
				GCC_DYNAMIC_NO_PIC = NO;
				GCC_NO_COMMON_BLOCKS = YES;
				GCC_OPTIMIZATION_LEVEL = 0;
				GCC_PREPROCESSOR_DEFINITIONS = (
					"DEBUG=1",
					"$(inherited)",
				);
				GCC_WARN_64_TO_32_BIT_CONVERSION = YES;
				GCC_WARN_ABOUT_RETURN_TYPE = YES_ERROR;
				GCC_WARN_UNDECLARED_SELECTOR = YES;
				GCC_WARN_UNINITIALIZED_AUTOS = YES_AGGRESSIVE;
				GCC_WARN_UNUSED_FUNCTION = YES;
				GCC_WARN_UNUSED_VARIABLE = YES;
				IPHONEOS_DEPLOYMENT_TARGET = 14.5;
				MTL_ENABLE_DEBUG_INFO = INCLUDE_SOURCE;
				MTL_FAST_MATH = YES;
				ONLY_ACTIVE_ARCH = YES;
				SDKROOT = iphoneos;
				SWIFT_ACTIVE_COMPILATION_CONDITIONS = DEBUG;
				SWIFT_OPTIMIZATION_LEVEL = "-Onone";
			};
			name = Debug;
		};
		C39A40F126F8CE42007BD630 /* Release */ = {
			isa = XCBuildConfiguration;
			buildSettings = {
				ALWAYS_SEARCH_USER_PATHS = NO;
				CLANG_ANALYZER_NONNULL = YES;
				CLANG_ANALYZER_NUMBER_OBJECT_CONVERSION = YES_AGGRESSIVE;
				CLANG_CXX_LANGUAGE_STANDARD = "gnu++14";
				CLANG_CXX_LIBRARY = "libc++";
				CLANG_ENABLE_MODULES = YES;
				CLANG_ENABLE_OBJC_ARC = YES;
				CLANG_ENABLE_OBJC_WEAK = YES;
				CLANG_WARN_BLOCK_CAPTURE_AUTORELEASING = YES;
				CLANG_WARN_BOOL_CONVERSION = YES;
				CLANG_WARN_COMMA = YES;
				CLANG_WARN_CONSTANT_CONVERSION = YES;
				CLANG_WARN_DEPRECATED_OBJC_IMPLEMENTATIONS = YES;
				CLANG_WARN_DIRECT_OBJC_ISA_USAGE = YES_ERROR;
				CLANG_WARN_DOCUMENTATION_COMMENTS = YES;
				CLANG_WARN_EMPTY_BODY = YES;
				CLANG_WARN_ENUM_CONVERSION = YES;
				CLANG_WARN_INFINITE_RECURSION = YES;
				CLANG_WARN_INT_CONVERSION = YES;
				CLANG_WARN_NON_LITERAL_NULL_CONVERSION = YES;
				CLANG_WARN_OBJC_IMPLICIT_RETAIN_SELF = YES;
				CLANG_WARN_OBJC_LITERAL_CONVERSION = YES;
				CLANG_WARN_OBJC_ROOT_CLASS = YES_ERROR;
				CLANG_WARN_QUOTED_INCLUDE_IN_FRAMEWORK_HEADER = YES;
				CLANG_WARN_RANGE_LOOP_ANALYSIS = YES;
				CLANG_WARN_STRICT_PROTOTYPES = YES;
				CLANG_WARN_SUSPICIOUS_MOVE = YES;
				CLANG_WARN_UNGUARDED_AVAILABILITY = YES_AGGRESSIVE;
				CLANG_WARN_UNREACHABLE_CODE = YES;
				CLANG_WARN__DUPLICATE_METHOD_MATCH = YES;
				COPY_PHASE_STRIP = NO;
				DEBUG_INFORMATION_FORMAT = "dwarf-with-dsym";
				ENABLE_NS_ASSERTIONS = NO;
				ENABLE_STRICT_OBJC_MSGSEND = YES;
				GCC_C_LANGUAGE_STANDARD = gnu11;
				GCC_NO_COMMON_BLOCKS = YES;
				GCC_WARN_64_TO_32_BIT_CONVERSION = YES;
				GCC_WARN_ABOUT_RETURN_TYPE = YES_ERROR;
				GCC_WARN_UNDECLARED_SELECTOR = YES;
				GCC_WARN_UNINITIALIZED_AUTOS = YES_AGGRESSIVE;
				GCC_WARN_UNUSED_FUNCTION = YES;
				GCC_WARN_UNUSED_VARIABLE = YES;
				IPHONEOS_DEPLOYMENT_TARGET = 14.5;
				MTL_ENABLE_DEBUG_INFO = NO;
				MTL_FAST_MATH = YES;
				SDKROOT = iphoneos;
				SWIFT_COMPILATION_MODE = wholemodule;
				SWIFT_OPTIMIZATION_LEVEL = "-O";
				VALIDATE_PRODUCT = YES;
			};
			name = Release;
		};
		C39A40F326F8CE42007BD630 /* Debug */ = {
			isa = XCBuildConfiguration;
			buildSettings = {
				ASSETCATALOG_COMPILER_APPICON_NAME = AppIcon;
				ASSETCATALOG_COMPILER_GLOBAL_ACCENT_COLOR_NAME = AccentColor;
				CODE_SIGN_STYLE = Automatic;
				DEVELOPMENT_TEAM = XJZXQZAKD4;
				INFOPLIST_FILE = "Financial App/Info.plist";
				LD_RUNPATH_SEARCH_PATHS = (
					"$(inherited)",
					"@executable_path/Frameworks",
				);
				PRODUCT_BUNDLE_IDENTIFIER = "com.Luk.Financial-App";
				PRODUCT_NAME = "$(TARGET_NAME)";
				SWIFT_VERSION = 5.0;
				TARGETED_DEVICE_FAMILY = "1,2";
			};
			name = Debug;
		};
		C39A40F426F8CE42007BD630 /* Release */ = {
			isa = XCBuildConfiguration;
			buildSettings = {
				ASSETCATALOG_COMPILER_APPICON_NAME = AppIcon;
				ASSETCATALOG_COMPILER_GLOBAL_ACCENT_COLOR_NAME = AccentColor;
				CODE_SIGN_STYLE = Automatic;
				DEVELOPMENT_TEAM = XJZXQZAKD4;
				INFOPLIST_FILE = "Financial App/Info.plist";
				LD_RUNPATH_SEARCH_PATHS = (
					"$(inherited)",
					"@executable_path/Frameworks",
				);
				PRODUCT_BUNDLE_IDENTIFIER = "com.Luk.Financial-App";
				PRODUCT_NAME = "$(TARGET_NAME)";
				SWIFT_VERSION = 5.0;
				TARGETED_DEVICE_FAMILY = "1,2";
			};
			name = Release;
		};
		C39A40F626F8CE42007BD630 /* Debug */ = {
			isa = XCBuildConfiguration;
			buildSettings = {
				ALWAYS_EMBED_SWIFT_STANDARD_LIBRARIES = YES;
				BUNDLE_LOADER = "$(TEST_HOST)";
				CODE_SIGN_STYLE = Automatic;
				DEVELOPMENT_TEAM = XJZXQZAKD4;
				INFOPLIST_FILE = "Financial AppTests/Info.plist";
				IPHONEOS_DEPLOYMENT_TARGET = 14.5;
				LD_RUNPATH_SEARCH_PATHS = (
					"$(inherited)",
					"@executable_path/Frameworks",
					"@loader_path/Frameworks",
				);
				PRODUCT_BUNDLE_IDENTIFIER = "com.Luk.Financial-AppTests";
				PRODUCT_NAME = "$(TARGET_NAME)";
				SWIFT_VERSION = 5.0;
				TARGETED_DEVICE_FAMILY = "1,2";
				TEST_HOST = "$(BUILT_PRODUCTS_DIR)/Financial App.app/Financial App";
			};
			name = Debug;
		};
		C39A40F726F8CE42007BD630 /* Release */ = {
			isa = XCBuildConfiguration;
			buildSettings = {
				ALWAYS_EMBED_SWIFT_STANDARD_LIBRARIES = YES;
				BUNDLE_LOADER = "$(TEST_HOST)";
				CODE_SIGN_STYLE = Automatic;
				DEVELOPMENT_TEAM = XJZXQZAKD4;
				INFOPLIST_FILE = "Financial AppTests/Info.plist";
				IPHONEOS_DEPLOYMENT_TARGET = 14.5;
				LD_RUNPATH_SEARCH_PATHS = (
					"$(inherited)",
					"@executable_path/Frameworks",
					"@loader_path/Frameworks",
				);
				PRODUCT_BUNDLE_IDENTIFIER = "com.Luk.Financial-AppTests";
				PRODUCT_NAME = "$(TARGET_NAME)";
				SWIFT_VERSION = 5.0;
				TARGETED_DEVICE_FAMILY = "1,2";
				TEST_HOST = "$(BUILT_PRODUCTS_DIR)/Financial App.app/Financial App";
			};
			name = Release;
		};
		C39A40F926F8CE42007BD630 /* Debug */ = {
			isa = XCBuildConfiguration;
			buildSettings = {
				ALWAYS_EMBED_SWIFT_STANDARD_LIBRARIES = YES;
				CODE_SIGN_STYLE = Automatic;
				DEVELOPMENT_TEAM = XJZXQZAKD4;
				INFOPLIST_FILE = "Financial AppUITests/Info.plist";
				LD_RUNPATH_SEARCH_PATHS = (
					"$(inherited)",
					"@executable_path/Frameworks",
					"@loader_path/Frameworks",
				);
				PRODUCT_BUNDLE_IDENTIFIER = "com.Luk.Financial-AppUITests";
				PRODUCT_NAME = "$(TARGET_NAME)";
				SWIFT_VERSION = 5.0;
				TARGETED_DEVICE_FAMILY = "1,2";
				TEST_TARGET_NAME = "Financial App";
			};
			name = Debug;
		};
		C39A40FA26F8CE42007BD630 /* Release */ = {
			isa = XCBuildConfiguration;
			buildSettings = {
				ALWAYS_EMBED_SWIFT_STANDARD_LIBRARIES = YES;
				CODE_SIGN_STYLE = Automatic;
				DEVELOPMENT_TEAM = XJZXQZAKD4;
				INFOPLIST_FILE = "Financial AppUITests/Info.plist";
				LD_RUNPATH_SEARCH_PATHS = (
					"$(inherited)",
					"@executable_path/Frameworks",
					"@loader_path/Frameworks",
				);
				PRODUCT_BUNDLE_IDENTIFIER = "com.Luk.Financial-AppUITests";
				PRODUCT_NAME = "$(TARGET_NAME)";
				SWIFT_VERSION = 5.0;
				TARGETED_DEVICE_FAMILY = "1,2";
				TEST_TARGET_NAME = "Financial App";
			};
			name = Release;
		};
/* End XCBuildConfiguration section */

/* Begin XCConfigurationList section */
		C39A40C326F8CE40007BD630 /* Build configuration list for PBXProject "Financial App" */ = {
			isa = XCConfigurationList;
			buildConfigurations = (
				C39A40F026F8CE42007BD630 /* Debug */,
				C39A40F126F8CE42007BD630 /* Release */,
			);
			defaultConfigurationIsVisible = 0;
			defaultConfigurationName = Release;
		};
		C39A40F226F8CE42007BD630 /* Build configuration list for PBXNativeTarget "Financial App" */ = {
			isa = XCConfigurationList;
			buildConfigurations = (
				C39A40F326F8CE42007BD630 /* Debug */,
				C39A40F426F8CE42007BD630 /* Release */,
			);
			defaultConfigurationIsVisible = 0;
			defaultConfigurationName = Release;
		};
		C39A40F526F8CE42007BD630 /* Build configuration list for PBXNativeTarget "Financial AppTests" */ = {
			isa = XCConfigurationList;
			buildConfigurations = (
				C39A40F626F8CE42007BD630 /* Debug */,
				C39A40F726F8CE42007BD630 /* Release */,
			);
			defaultConfigurationIsVisible = 0;
			defaultConfigurationName = Release;
		};
		C39A40F826F8CE42007BD630 /* Build configuration list for PBXNativeTarget "Financial AppUITests" */ = {
			isa = XCConfigurationList;
			buildConfigurations = (
				C39A40F926F8CE42007BD630 /* Debug */,
				C39A40FA26F8CE42007BD630 /* Release */,
			);
			defaultConfigurationIsVisible = 0;
			defaultConfigurationName = Release;
		};
/* End XCConfigurationList section */
	};
	rootObject = C39A40C026F8CE40007BD630 /* Project object */;
}
